// !$*UTF8*$!
{
	archiveVersion = 1;
	classes = {
	};
	objectVersion = 46;
	objects = {

/* Begin PBXBuildFile section */
		D596D62A1E2BC3CD00E28C4A /* AppDelegate.swift in Sources */ = {isa = PBXBuildFile; fileRef = D596D6291E2BC3CD00E28C4A /* AppDelegate.swift */; };
		D596D62F1E2BC3CD00E28C4A /* Main.storyboard in Resources */ = {isa = PBXBuildFile; fileRef = D596D62D1E2BC3CD00E28C4A /* Main.storyboard */; };
		D596D6311E2BC3CD00E28C4A /* Assets.xcassets in Resources */ = {isa = PBXBuildFile; fileRef = D596D6301E2BC3CD00E28C4A /* Assets.xcassets */; };
		D596D6341E2BC3CD00E28C4A /* LaunchScreen.storyboard in Resources */ = {isa = PBXBuildFile; fileRef = D596D6321E2BC3CD00E28C4A /* LaunchScreen.storyboard */; };
		D596D6401E2BC42000E28C4A /* DemoURL.swift in Sources */ = {isa = PBXBuildFile; fileRef = D596D63F1E2BC42000E28C4A /* DemoURL.swift */; };
		D5CAB3D91E2BC7280002B439 /* ImageViewController.swift in Sources */ = {isa = PBXBuildFile; fileRef = D5CAB3D81E2BC7280002B439 /* ImageViewController.swift */; };
		D5CAB3DB1E2BCB960002B439 /* SchoolViewController.swift in Sources */ = {isa = PBXBuildFile; fileRef = D5CAB3DA1E2BCB960002B439 /* SchoolViewController.swift */; };
/* End PBXBuildFile section */

/* Begin PBXFileReference section */
		D596D6261E2BC3CD00E28C4A /* TopSchools.app */ = {isa = PBXFileReference; explicitFileType = wrapper.application; includeInIndex = 0; path = TopSchools.app; sourceTree = BUILT_PRODUCTS_DIR; };
		D596D6291E2BC3CD00E28C4A /* AppDelegate.swift */ = {isa = PBXFileReference; lastKnownFileType = sourcecode.swift; path = AppDelegate.swift; sourceTree = "<group>"; };
		D596D62E1E2BC3CD00E28C4A /* Base */ = {isa = PBXFileReference; lastKnownFileType = file.storyboard; name = Base; path = Base.lproj/Main.storyboard; sourceTree = "<group>"; };
		D596D6301E2BC3CD00E28C4A /* Assets.xcassets */ = {isa = PBXFileReference; lastKnownFileType = folder.assetcatalog; path = Assets.xcassets; sourceTree = "<group>"; };
		D596D6331E2BC3CD00E28C4A /* Base */ = {isa = PBXFileReference; lastKnownFileType = file.storyboard; name = Base; path = Base.lproj/LaunchScreen.storyboard; sourceTree = "<group>"; };
		D596D6351E2BC3CD00E28C4A /* Info.plist */ = {isa = PBXFileReference; lastKnownFileType = text.plist.xml; path = Info.plist; sourceTree = "<group>"; };
		D596D63F1E2BC42000E28C4A /* DemoURL.swift */ = {isa = PBXFileReference; fileEncoding = 4; lastKnownFileType = sourcecode.swift; path = DemoURL.swift; sourceTree = "<group>"; };
		D5CAB3D81E2BC7280002B439 /* ImageViewController.swift */ = {isa = PBXFileReference; fileEncoding = 4; lastKnownFileType = sourcecode.swift; path = ImageViewController.swift; sourceTree = "<group>"; };
		D5CAB3DA1E2BCB960002B439 /* SchoolViewController.swift */ = {isa = PBXFileReference; fileEncoding = 4; lastKnownFileType = sourcecode.swift; path = SchoolViewController.swift; sourceTree = "<group>"; };
/* End PBXFileReference section */

/* Begin PBXFrameworksBuildPhase section */
		D596D6231E2BC3CD00E28C4A /* Frameworks */ = {
			isa = PBXFrameworksBuildPhase;
			buildActionMask = 2147483647;
			files = (
			);
			runOnlyForDeploymentPostprocessing = 0;
		};
/* End PBXFrameworksBuildPhase section */

/* Begin PBXGroup section */
		D596D61D1E2BC3CD00E28C4A = {
			isa = PBXGroup;
			children = (
				D596D6281E2BC3CD00E28C4A /* TopSchools */,
				D596D6271E2BC3CD00E28C4A /* Products */,
			);
			sourceTree = "<group>";
		};
		D596D6271E2BC3CD00E28C4A /* Products */ = {
			isa = PBXGroup;
			children = (
				D596D6261E2BC3CD00E28C4A /* TopSchools.app */,
			);
			name = Products;
			sourceTree = "<group>";
		};
		D596D6281E2BC3CD00E28C4A /* TopSchools */ = {
			isa = PBXGroup;
			children = (
				D596D62D1E2BC3CD00E28C4A /* Main.storyboard */,
				D596D63D1E2BC3FD00E28C4A /* Modal */,
				D596D63E1E2BC40400E28C4A /* View */,
				D596D63C1E2BC3F700E28C4A /* Controller */,
				D596D63B1E2BC3DB00E28C4A /* Supporting Files */,
			);
			path = TopSchools;
			sourceTree = "<group>";
		};
		D596D63B1E2BC3DB00E28C4A /* Supporting Files */ = {
			isa = PBXGroup;
			children = (
				D596D6291E2BC3CD00E28C4A /* AppDelegate.swift */,
				D596D6301E2BC3CD00E28C4A /* Assets.xcassets */,
				D596D6321E2BC3CD00E28C4A /* LaunchScreen.storyboard */,
				D596D6351E2BC3CD00E28C4A /* Info.plist */,
			);
			name = "Supporting Files";
			sourceTree = "<group>";
		};
		D596D63C1E2BC3F700E28C4A /* Controller */ = {
			isa = PBXGroup;
			children = (
				D5CAB3DA1E2BCB960002B439 /* SchoolViewController.swift */,
				D5CAB3D81E2BC7280002B439 /* ImageViewController.swift */,
			);
			name = Controller;
			sourceTree = "<group>";
		};
		D596D63D1E2BC3FD00E28C4A /* Modal */ = {
			isa = PBXGroup;
			children = (
				D596D63F1E2BC42000E28C4A /* DemoURL.swift */,
			);
			name = Modal;
			sourceTree = "<group>";
		};
		D596D63E1E2BC40400E28C4A /* View */ = {
			isa = PBXGroup;
			children = (
			);
			name = View;
			sourceTree = "<group>";
		};
/* End PBXGroup section */

/* Begin PBXNativeTarget section */
		D596D6251E2BC3CD00E28C4A /* TopSchools */ = {
			isa = PBXNativeTarget;
			buildConfigurationList = D596D6381E2BC3CD00E28C4A /* Build configuration list for PBXNativeTarget "TopSchools" */;
			buildPhases = (
				D596D6221E2BC3CD00E28C4A /* Sources */,
				D596D6231E2BC3CD00E28C4A /* Frameworks */,
				D596D6241E2BC3CD00E28C4A /* Resources */,
			);
			buildRules = (
			);
			dependencies = (
			);
			name = TopSchools;
			productName = TopSchools;
			productReference = D596D6261E2BC3CD00E28C4A /* TopSchools.app */;
			productType = "com.apple.product-type.application";
		};
/* End PBXNativeTarget section */

/* Begin PBXProject section */
		D596D61E1E2BC3CD00E28C4A /* Project object */ = {
			isa = PBXProject;
			attributes = {
				LastSwiftUpdateCheck = 0820;
				LastUpgradeCheck = 0820;
				ORGANIZATIONNAME = "Younoussa Ousmane Abdou";
				TargetAttributes = {
					D596D6251E2BC3CD00E28C4A = {
						CreatedOnToolsVersion = 8.2.1;
						DevelopmentTeam = 7HAUD8EZY3;
						ProvisioningStyle = Automatic;
					};
				};
			};
			buildConfigurationList = D596D6211E2BC3CD00E28C4A /* Build configuration list for PBXProject "TopSchools" */;
			compatibilityVersion = "Xcode 3.2";
			developmentRegion = English;
			hasScannedForEncodings = 0;
			knownRegions = (
				en,
				Base,
			);
			mainGroup = D596D61D1E2BC3CD00E28C4A;
			productRefGroup = D596D6271E2BC3CD00E28C4A /* Products */;
			projectDirPath = "";
			projectRoot = "";
			targets = (
				D596D6251E2BC3CD00E28C4A /* TopSchools */,
			);
		};
/* End PBXProject section */

/* Begin PBXResourcesBuildPhase section */
		D596D6241E2BC3CD00E28C4A /* Resources */ = {
			isa = PBXResourcesBuildPhase;
			buildActionMask = 2147483647;
			files = (
				D596D6341E2BC3CD00E28C4A /* LaunchScreen.storyboard in Resources */,
				D596D6311E2BC3CD00E28C4A /* Assets.xcassets in Resources */,
				D596D62F1E2BC3CD00E28C4A /* Main.storyboard in Resources */,
			);
			runOnlyForDeploymentPostprocessing = 0;
		};
/* End PBXResourcesBuildPhase section */

/* Begin PBXSourcesBuildPhase section */
		D596D6221E2BC3CD00E28C4A /* Sources */ = {
			isa = PBXSourcesBuildPhase;
			buildActionMask = 2147483647;
			files = (
				D596D6401E2BC42000E28C4A /* DemoURL.swift in Sources */,
				D5CAB3D91E2BC7280002B439 /* ImageViewController.swift in Sources */,
				D596D62A1E2BC3CD00E28C4A /* AppDelegate.swift in Sources */,
				D5CAB3DB1E2BCB960002B439 /* SchoolViewController.swift in Sources */,
			);
			runOnlyForDeploymentPostprocessing = 0;
		};
/* End PBXSourcesBuildPhase section */

/* Begin PBXVariantGroup section */
		D596D62D1E2BC3CD00E28C4A /* Main.storyboard */ = {
			isa = PBXVariantGroup;
			children = (
				D596D62E1E2BC3CD00E28C4A /* Base */,
			);
			name = Main.storyboard;
			sourceTree = "<group>";
		};
		D596D6321E2BC3CD00E28C4A /* LaunchScreen.storyboard */ = {
			isa = PBXVariantGroup;
			children = (
				D596D6331E2BC3CD00E28C4A /* Base */,
			);
			name = LaunchScreen.storyboard;
			sourceTree = "<group>";
		};
/* End PBXVariantGroup section */

/* Begin XCBuildConfiguration section */
		D596D6361E2BC3CD00E28C4A /* Debug */ = {
			isa = XCBuildConfiguration;
			buildSettings = {
				ALWAYS_SEARCH_USER_PATHS = NO;
				CLANG_ANALYZER_NONNULL = YES;
				CLANG_CXX_LANGUAGE_STANDARD = "gnu++0x";
				CLANG_CXX_LIBRARY = "libc++";
				CLANG_ENABLE_MODULES = YES;
				CLANG_ENABLE_OBJC_ARC = YES;
				CLANG_WARN_BOOL_CONVERSION = YES;
				CLANG_WARN_CONSTANT_CONVERSION = YES;
				CLANG_WARN_DIRECT_OBJC_ISA_USAGE = YES_ERROR;
				CLANG_WARN_DOCUMENTATION_COMMENTS = YES;
				CLANG_WARN_EMPTY_BODY = YES;
				CLANG_WARN_ENUM_CONVERSION = YES;
				CLANG_WARN_INFINITE_RECURSION = YES;
				CLANG_WARN_INT_CONVERSION = YES;
				CLANG_WARN_OBJC_ROOT_CLASS = YES_ERROR;
				CLANG_WARN_SUSPICIOUS_MOVE = YES;
				CLANG_WARN_UNREACHABLE_CODE = YES;
				CLANG_WARN__DUPLICATE_METHOD_MATCH = YES;
				"CODE_SIGN_IDENTITY[sdk=iphoneos*]" = "iPhone Developer";
				COPY_PHASE_STRIP = NO;
				DEBUG_INFORMATION_FORMAT = dwarf;
				ENABLE_STRICT_OBJC_MSGSEND = YES;
				ENABLE_TESTABILITY = YES;
				GCC_C_LANGUAGE_STANDARD = gnu99;
				GCC_DYNAMIC_NO_PIC = NO;
				GCC_NO_COMMON_BLOCKS = YES;
				GCC_OPTIMIZATION_LEVEL = 0;
				GCC_PREPROCESSOR_DEFINITIONS = (
					"DEBUG=1",
					"$(inherited)",
				);
				GCC_WARN_64_TO_32_BIT_CONVERSION = YES;
				GCC_WARN_ABOUT_RETURN_TYPE = YES_ERROR;
				GCC_WARN_UNDECLARED_SELECTOR = YES;
				GCC_WARN_UNINITIALIZED_AUTOS = YES_AGGRESSIVE;
				GCC_WARN_UNUSED_FUNCTION = YES;
				GCC_WARN_UNUSED_VARIABLE = YES;
				IPHONEOS_DEPLOYMENT_TARGET = 10.2;
				MTL_ENABLE_DEBUG_INFO = YES;
				ONLY_ACTIVE_ARCH = YES;
				SDKROOT = iphoneos;
				SWIFT_ACTIVE_COMPILATION_CONDITIONS = DEBUG;
				SWIFT_OPTIMIZATION_LEVEL = "-Onone";
				TARGETED_DEVICE_FAMILY = "1,2";
			};
			name = Debug;
		};
		D596D6371E2BC3CD00E28C4A /* Release */ = {
			isa = XCBuildConfiguration;
			buildSettings = {
				ALWAYS_SEARCH_USER_PATHS = NO;
				CLANG_ANALYZER_NONNULL = YES;
				CLANG_CXX_LANGUAGE_STANDARD = "gnu++0x";
				CLANG_CXX_LIBRARY = "libc++";
				CLANG_ENABLE_MODULES = YES;
				CLANG_ENABLE_OBJC_ARC = YES;
				CLANG_WARN_BOOL_CONVERSION = YES;
				CLANG_WARN_CONSTANT_CONVERSION = YES;
				CLANG_WARN_DIRECT_OBJC_ISA_USAGE = YES_ERROR;
				CLANG_WARN_DOCUMENTATION_COMMENTS = YES;
				CLANG_WARN_EMPTY_BODY = YES;
				CLANG_WARN_ENUM_CONVERSION = YES;
				CLANG_WARN_INFINITE_RECURSION = YES;
				CLANG_WARN_INT_CONVERSION = YES;
				CLANG_WARN_OBJC_ROOT_CLASS = YES_ERROR;
				CLANG_WARN_SUSPICIOUS_MOVE = YES;
				CLANG_WARN_UNREACHABLE_CODE = YES;
				CLANG_WARN__DUPLICATE_METHOD_MATCH = YES;
				"CODE_SIGN_IDENTITY[sdk=iphoneos*]" = "iPhone Developer";
				COPY_PHASE_STRIP = NO;
				DEBUG_INFORMATION_FORMAT = "dwarf-with-dsym";
				ENABLE_NS_ASSERTIONS = NO;
				ENABLE_STRICT_OBJC_MSGSEND = YES;
				GCC_C_LANGUAGE_STANDARD = gnu99;
				GCC_NO_COMMON_BLOCKS = YES;
				GCC_WARN_64_TO_32_BIT_CONVERSION = YES;
				GCC_WARN_ABOUT_RETURN_TYPE = YES_ERROR;
				GCC_WARN_UNDECLARED_SELECTOR = YES;
				GCC_WARN_UNINITIALIZED_AUTOS = YES_AGGRESSIVE;
				GCC_WARN_UNUSED_FUNCTION = YES;
				GCC_WARN_UNUSED_VARIABLE = YES;
				IPHONEOS_DEPLOYMENT_TARGET = 10.2;
				MTL_ENABLE_DEBUG_INFO = NO;
				SDKROOT = iphoneos;
				SWIFT_OPTIMIZATION_LEVEL = "-Owholemodule";
				TARGETED_DEVICE_FAMILY = "1,2";
				VALIDATE_PRODUCT = YES;
			};
			name = Release;
		};
		D596D6391E2BC3CD00E28C4A /* Debug */ = {
			isa = XCBuildConfiguration;
			buildSettings = {
				ASSETCATALOG_COMPILER_APPICON_NAME = AppIcon;
				DEVELOPMENT_TEAM = 7HAUD8EZY3;
				INFOPLIST_FILE = TopSchools/Info.plist;
				LD_RUNPATH_SEARCH_PATHS = "$(inherited) @executable_path/Frameworks";
				PRODUCT_BUNDLE_IDENTIFIER = com.yuso.TopSchools;
				PRODUCT_NAME = "$(TARGET_NAME)";
				SWIFT_VERSION = 3.0;
			};
			name = Debug;
		};
		D596D63A1E2BC3CD00E28C4A /* Release */ = {
			isa = XCBuildConfiguration;
			buildSettings = {
				ASSETCATALOG_COMPILER_APPICON_NAME = AppIcon;
				DEVELOPMENT_TEAM = 7HAUD8EZY3;
				INFOPLIST_FILE = TopSchools/Info.plist;
				LD_RUNPATH_SEARCH_PATHS = "$(inherited) @executable_path/Frameworks";
				PRODUCT_BUNDLE_IDENTIFIER = com.yuso.TopSchools;
				PRODUCT_NAME = "$(TARGET_NAME)";
				SWIFT_VERSION = 3.0;
			};
			name = Release;
		};
/* End XCBuildConfiguration section */

/* Begin XCConfigurationList section */
		D596D6211E2BC3CD00E28C4A /* Build configuration list for PBXProject "TopSchools" */ = {
			isa = XCConfigurationList;
			buildConfigurations = (
				D596D6361E2BC3CD00E28C4A /* Debug */,
				D596D6371E2BC3CD00E28C4A /* Release */,
			);
			defaultConfigurationIsVisible = 0;
			defaultConfigurationName = Release;
		};
		D596D6381E2BC3CD00E28C4A /* Build configuration list for PBXNativeTarget "TopSchools" */ = {
			isa = XCConfigurationList;
			buildConfigurations = (
				D596D6391E2BC3CD00E28C4A /* Debug */,
				D596D63A1E2BC3CD00E28C4A /* Release */,
			);
			defaultConfigurationIsVisible = 0;
			defaultConfigurationName = Release;
		};
/* End XCConfigurationList section */
	};
	rootObject = D596D61E1E2BC3CD00E28C4A /* Project object */;
}
